// !$*UTF8*$!
{
	archiveVersion = 1;
	classes = {
	};
	objectVersion = 48;
	objects = {

/* Begin PBXBuildFile section */
		1308453E2005D8B100C96F1C /* AppDelegate.swift in Sources */ = {isa = PBXBuildFile; fileRef = 1308453D2005D8B100C96F1C /* AppDelegate.swift */; };
		130845402005D8B100C96F1C /* RadioSampleViewController.swift in Sources */ = {isa = PBXBuildFile; fileRef = 1308453F2005D8B100C96F1C /* RadioSampleViewController.swift */; };
		130845432005D8B100C96F1C /* Main.storyboard in Resources */ = {isa = PBXBuildFile; fileRef = 130845412005D8B100C96F1C /* Main.storyboard */; };
		130845452005D8B100C96F1C /* Assets.xcassets in Resources */ = {isa = PBXBuildFile; fileRef = 130845442005D8B100C96F1C /* Assets.xcassets */; };
		130845482005D8B100C96F1C /* LaunchScreen.storyboard in Resources */ = {isa = PBXBuildFile; fileRef = 130845462005D8B100C96F1C /* LaunchScreen.storyboard */; };
		138721A2203051AF00652028 /* RadioCheckboxBaseButton.swift in Sources */ = {isa = PBXBuildFile; fileRef = 138721A1203051AF00652028 /* RadioCheckboxBaseButton.swift */; };
		138721A42030524100652028 /* CheckboxButton.swift in Sources */ = {isa = PBXBuildFile; fileRef = 138721A32030524100652028 /* CheckboxButton.swift */; };
		139B11A12031DB390036A1A7 /* RadioCheckboxBaseContainer.swift in Sources */ = {isa = PBXBuildFile; fileRef = 139B11A02031DB390036A1A7 /* RadioCheckboxBaseContainer.swift */; };
		139B11A82031E6A10036A1A7 /* CheckboxButtonContainer.swift in Sources */ = {isa = PBXBuildFile; fileRef = 139B11A62031E6A10036A1A7 /* CheckboxButtonContainer.swift */; };
		139B11A92031E6A10036A1A7 /* CheckboxButtonContainerView.swift in Sources */ = {isa = PBXBuildFile; fileRef = 139B11A72031E6A10036A1A7 /* CheckboxButtonContainerView.swift */; };
		139B11AB2031E8EA0036A1A7 /* CheckboxSampleViewController.swift in Sources */ = {isa = PBXBuildFile; fileRef = 139B11AA2031E8EA0036A1A7 /* CheckboxSampleViewController.swift */; };
		139B8D2B200B69E300507D9B /* RadioButtonContainerView.swift in Sources */ = {isa = PBXBuildFile; fileRef = 139B8D28200B69E300507D9B /* RadioButtonContainerView.swift */; };
		139B8D2C200B69E300507D9B /* RadioButtonContainer.swift in Sources */ = {isa = PBXBuildFile; fileRef = 139B8D29200B69E300507D9B /* RadioButtonContainer.swift */; };
		139B8D2D200B69E300507D9B /* RadioButton.swift in Sources */ = {isa = PBXBuildFile; fileRef = 139B8D2A200B69E300507D9B /* RadioButton.swift */; };
/* End PBXBuildFile section */

/* Begin PBXFileReference section */
		1308453A2005D8B100C96F1C /* RadioAndCheckboxButtonDemo.app */ = {isa = PBXFileReference; explicitFileType = wrapper.application; includeInIndex = 0; path = RadioAndCheckboxButtonDemo.app; sourceTree = BUILT_PRODUCTS_DIR; };
		1308453D2005D8B100C96F1C /* AppDelegate.swift */ = {isa = PBXFileReference; lastKnownFileType = sourcecode.swift; path = AppDelegate.swift; sourceTree = "<group>"; };
		1308453F2005D8B100C96F1C /* RadioSampleViewController.swift */ = {isa = PBXFileReference; lastKnownFileType = sourcecode.swift; path = RadioSampleViewController.swift; sourceTree = "<group>"; };
		130845422005D8B100C96F1C /* Base */ = {isa = PBXFileReference; lastKnownFileType = file.storyboard; name = Base; path = Base.lproj/Main.storyboard; sourceTree = "<group>"; };
		130845442005D8B100C96F1C /* Assets.xcassets */ = {isa = PBXFileReference; lastKnownFileType = folder.assetcatalog; path = Assets.xcassets; sourceTree = "<group>"; };
		130845472005D8B100C96F1C /* Base */ = {isa = PBXFileReference; lastKnownFileType = file.storyboard; name = Base; path = Base.lproj/LaunchScreen.storyboard; sourceTree = "<group>"; };
		130845492005D8B100C96F1C /* Info.plist */ = {isa = PBXFileReference; lastKnownFileType = text.plist.xml; path = Info.plist; sourceTree = "<group>"; };
		138721A1203051AF00652028 /* RadioCheckboxBaseButton.swift */ = {isa = PBXFileReference; lastKnownFileType = sourcecode.swift; path = RadioCheckboxBaseButton.swift; sourceTree = "<group>"; };
		138721A32030524100652028 /* CheckboxButton.swift */ = {isa = PBXFileReference; lastKnownFileType = sourcecode.swift; path = CheckboxButton.swift; sourceTree = "<group>"; };
		139B11A02031DB390036A1A7 /* RadioCheckboxBaseContainer.swift */ = {isa = PBXFileReference; lastKnownFileType = sourcecode.swift; path = RadioCheckboxBaseContainer.swift; sourceTree = "<group>"; };
		139B11A62031E6A10036A1A7 /* CheckboxButtonContainer.swift */ = {isa = PBXFileReference; fileEncoding = 4; lastKnownFileType = sourcecode.swift; path = CheckboxButtonContainer.swift; sourceTree = "<group>"; };
		139B11A72031E6A10036A1A7 /* CheckboxButtonContainerView.swift */ = {isa = PBXFileReference; fileEncoding = 4; lastKnownFileType = sourcecode.swift; path = CheckboxButtonContainerView.swift; sourceTree = "<group>"; };
		139B11AA2031E8EA0036A1A7 /* CheckboxSampleViewController.swift */ = {isa = PBXFileReference; lastKnownFileType = sourcecode.swift; path = CheckboxSampleViewController.swift; sourceTree = "<group>"; };
		139B8D28200B69E300507D9B /* RadioButtonContainerView.swift */ = {isa = PBXFileReference; fileEncoding = 4; lastKnownFileType = sourcecode.swift; path = RadioButtonContainerView.swift; sourceTree = "<group>"; };
		139B8D29200B69E300507D9B /* RadioButtonContainer.swift */ = {isa = PBXFileReference; fileEncoding = 4; lastKnownFileType = sourcecode.swift; path = RadioButtonContainer.swift; sourceTree = "<group>"; };
		139B8D2A200B69E300507D9B /* RadioButton.swift */ = {isa = PBXFileReference; fileEncoding = 4; lastKnownFileType = sourcecode.swift; path = RadioButton.swift; sourceTree = "<group>"; };
/* End PBXFileReference section */

/* Begin PBXFrameworksBuildPhase section */
		130845372005D8B100C96F1C /* Frameworks */ = {
			isa = PBXFrameworksBuildPhase;
			buildActionMask = 2147483647;
			files = (
			);
			runOnlyForDeploymentPostprocessing = 0;
		};
/* End PBXFrameworksBuildPhase section */

/* Begin PBXGroup section */
		130845312005D8B100C96F1C = {
			isa = PBXGroup;
			children = (
				139B8D27200B69E300507D9B /* Source */,
				1308453C2005D8B100C96F1C /* RadioAndCheckboxButtonDemo */,
				1308453B2005D8B100C96F1C /* Products */,
			);
			sourceTree = "<group>";
		};
		1308453B2005D8B100C96F1C /* Products */ = {
			isa = PBXGroup;
			children = (
				1308453A2005D8B100C96F1C /* RadioAndCheckboxButtonDemo.app */,
			);
			name = Products;
			sourceTree = "<group>";
		};
		1308453C2005D8B100C96F1C /* RadioAndCheckboxButtonDemo */ = {
			isa = PBXGroup;
			children = (
				1308453D2005D8B100C96F1C /* AppDelegate.swift */,
				1308453F2005D8B100C96F1C /* RadioSampleViewController.swift */,
				139B11AA2031E8EA0036A1A7 /* CheckboxSampleViewController.swift */,
				130845412005D8B100C96F1C /* Main.storyboard */,
				130845442005D8B100C96F1C /* Assets.xcassets */,
				130845462005D8B100C96F1C /* LaunchScreen.storyboard */,
				130845492005D8B100C96F1C /* Info.plist */,
			);
			path = RadioAndCheckboxButtonDemo;
			sourceTree = "<group>";
		};
		139B11A32031E58E0036A1A7 /* Base */ = {
			isa = PBXGroup;
			children = (
				138721A1203051AF00652028 /* RadioCheckboxBaseButton.swift */,
				139B11A02031DB390036A1A7 /* RadioCheckboxBaseContainer.swift */,
			);
			path = Base;
			sourceTree = "<group>";
		};
		139B11A42031E5D20036A1A7 /* Radio */ = {
			isa = PBXGroup;
			children = (
				139B8D2A200B69E300507D9B /* RadioButton.swift */,
				139B8D29200B69E300507D9B /* RadioButtonContainer.swift */,
				139B8D28200B69E300507D9B /* RadioButtonContainerView.swift */,
			);
			path = Radio;
			sourceTree = "<group>";
		};
		139B11A52031E5D20036A1A7 /* Checkbox */ = {
			isa = PBXGroup;
			children = (
				138721A32030524100652028 /* CheckboxButton.swift */,
				139B11A62031E6A10036A1A7 /* CheckboxButtonContainer.swift */,
				139B11A72031E6A10036A1A7 /* CheckboxButtonContainerView.swift */,
			);
			path = Checkbox;
			sourceTree = "<group>";
		};
		139B8D27200B69E300507D9B /* Source */ = {
			isa = PBXGroup;
			children = (
				139B11A52031E5D20036A1A7 /* Checkbox */,
				139B11A42031E5D20036A1A7 /* Radio */,
				139B11A32031E58E0036A1A7 /* Base */,
			);
			path = Source;
			sourceTree = SOURCE_ROOT;
		};
/* End PBXGroup section */

/* Begin PBXNativeTarget section */
		130845392005D8B100C96F1C /* RadioAndCheckboxButtonDemo */ = {
			isa = PBXNativeTarget;
			buildConfigurationList = 1308454C2005D8B100C96F1C /* Build configuration list for PBXNativeTarget "RadioAndCheckboxButtonDemo" */;
			buildPhases = (
				130845362005D8B100C96F1C /* Sources */,
				130845372005D8B100C96F1C /* Frameworks */,
				130845382005D8B100C96F1C /* Resources */,
			);
			buildRules = (
			);
			dependencies = (
			);
			name = RadioAndCheckboxButtonDemo;
			productName = RadioButtonDemo;
			productReference = 1308453A2005D8B100C96F1C /* RadioAndCheckboxButtonDemo.app */;
			productType = "com.apple.product-type.application";
		};
/* End PBXNativeTarget section */

/* Begin PBXProject section */
		130845322005D8B100C96F1C /* Project object */ = {
			isa = PBXProject;
			attributes = {
				LastSwiftUpdateCheck = 0920;
				LastUpgradeCheck = 0920;
				ORGANIZATIONNAME = Manish;
				TargetAttributes = {
					130845392005D8B100C96F1C = {
						CreatedOnToolsVersion = 9.2;
						ProvisioningStyle = Automatic;
					};
				};
			};
			buildConfigurationList = 130845352005D8B100C96F1C /* Build configuration list for PBXProject "RadioAndCheckboxButtonDemo" */;
			compatibilityVersion = "Xcode 8.0";
			developmentRegion = en;
			hasScannedForEncodings = 0;
			knownRegions = (
				en,
				Base,
			);
			mainGroup = 130845312005D8B100C96F1C;
			productRefGroup = 1308453B2005D8B100C96F1C /* Products */;
			projectDirPath = "";
			projectRoot = "";
			targets = (
				130845392005D8B100C96F1C /* RadioAndCheckboxButtonDemo */,
			);
		};
/* End PBXProject section */

/* Begin PBXResourcesBuildPhase section */
		130845382005D8B100C96F1C /* Resources */ = {
			isa = PBXResourcesBuildPhase;
			buildActionMask = 2147483647;
			files = (
				130845482005D8B100C96F1C /* LaunchScreen.storyboard in Resources */,
				130845452005D8B100C96F1C /* Assets.xcassets in Resources */,
				130845432005D8B100C96F1C /* Main.storyboard in Resources */,
			);
			runOnlyForDeploymentPostprocessing = 0;
		};
/* End PBXResourcesBuildPhase section */

/* Begin PBXSourcesBuildPhase section */
		130845362005D8B100C96F1C /* Sources */ = {
			isa = PBXSourcesBuildPhase;
			buildActionMask = 2147483647;
			files = (
				139B8D2B200B69E300507D9B /* RadioButtonContainerView.swift in Sources */,
				138721A42030524100652028 /* CheckboxButton.swift in Sources */,
				138721A2203051AF00652028 /* RadioCheckboxBaseButton.swift in Sources */,
				139B11A82031E6A10036A1A7 /* CheckboxButtonContainer.swift in Sources */,
				139B11A12031DB390036A1A7 /* RadioCheckboxBaseContainer.swift in Sources */,
				130845402005D8B100C96F1C /* RadioSampleViewController.swift in Sources */,
				139B8D2D200B69E300507D9B /* RadioButton.swift in Sources */,
				139B11A92031E6A10036A1A7 /* CheckboxButtonContainerView.swift in Sources */,
				139B11AB2031E8EA0036A1A7 /* CheckboxSampleViewController.swift in Sources */,
				1308453E2005D8B100C96F1C /* AppDelegate.swift in Sources */,
				139B8D2C200B69E300507D9B /* RadioButtonContainer.swift in Sources */,
			);
			runOnlyForDeploymentPostprocessing = 0;
		};
/* End PBXSourcesBuildPhase section */

/* Begin PBXVariantGroup section */
		130845412005D8B100C96F1C /* Main.storyboard */ = {
			isa = PBXVariantGroup;
			children = (
				130845422005D8B100C96F1C /* Base */,
			);
			name = Main.storyboard;
			sourceTree = "<group>";
		};
		130845462005D8B100C96F1C /* LaunchScreen.storyboard */ = {
			isa = PBXVariantGroup;
			children = (
				130845472005D8B100C96F1C /* Base */,
			);
			name = LaunchScreen.storyboard;
			sourceTree = "<group>";
		};
/* End PBXVariantGroup section */

/* Begin XCBuildConfiguration section */
		1308454A2005D8B100C96F1C /* Debug */ = {
			isa = XCBuildConfiguration;
			buildSettings = {
				ALWAYS_SEARCH_USER_PATHS = NO;
				CLANG_ANALYZER_NONNULL = YES;
				CLANG_ANALYZER_NUMBER_OBJECT_CONVERSION = YES_AGGRESSIVE;
				CLANG_CXX_LANGUAGE_STANDARD = "gnu++14";
				CLANG_CXX_LIBRARY = "libc++";
				CLANG_ENABLE_MODULES = YES;
				CLANG_ENABLE_OBJC_ARC = YES;
				CLANG_WARN_BLOCK_CAPTURE_AUTORELEASING = YES;
				CLANG_WARN_BOOL_CONVERSION = YES;
				CLANG_WARN_COMMA = YES;
				CLANG_WARN_CONSTANT_CONVERSION = YES;
				CLANG_WARN_DIRECT_OBJC_ISA_USAGE = YES_ERROR;
				CLANG_WARN_DOCUMENTATION_COMMENTS = YES;
				CLANG_WARN_EMPTY_BODY = YES;
				CLANG_WARN_ENUM_CONVERSION = YES;
				CLANG_WARN_INFINITE_RECURSION = YES;
				CLANG_WARN_INT_CONVERSION = YES;
				CLANG_WARN_NON_LITERAL_NULL_CONVERSION = YES;
				CLANG_WARN_OBJC_LITERAL_CONVERSION = YES;
				CLANG_WARN_OBJC_ROOT_CLASS = YES_ERROR;
				CLANG_WARN_RANGE_LOOP_ANALYSIS = YES;
				CLANG_WARN_STRICT_PROTOTYPES = YES;
				CLANG_WARN_SUSPICIOUS_MOVE = YES;
				CLANG_WARN_UNGUARDED_AVAILABILITY = YES_AGGRESSIVE;
				CLANG_WARN_UNREACHABLE_CODE = YES;
				CLANG_WARN__DUPLICATE_METHOD_MATCH = YES;
				CODE_SIGN_IDENTITY = "iPhone Developer";
				COPY_PHASE_STRIP = NO;
				DEBUG_INFORMATION_FORMAT = dwarf;
				ENABLE_STRICT_OBJC_MSGSEND = YES;
				ENABLE_TESTABILITY = YES;
				GCC_C_LANGUAGE_STANDARD = gnu11;
				GCC_DYNAMIC_NO_PIC = NO;
				GCC_NO_COMMON_BLOCKS = YES;
				GCC_OPTIMIZATION_LEVEL = 0;
				GCC_PREPROCESSOR_DEFINITIONS = (
					"DEBUG=1",
					"$(inherited)",
				);
				GCC_WARN_64_TO_32_BIT_CONVERSION = YES;
				GCC_WARN_ABOUT_RETURN_TYPE = YES_ERROR;
				GCC_WARN_UNDECLARED_SELECTOR = YES;
				GCC_WARN_UNINITIALIZED_AUTOS = YES_AGGRESSIVE;
				GCC_WARN_UNUSED_FUNCTION = YES;
				GCC_WARN_UNUSED_VARIABLE = YES;
				IPHONEOS_DEPLOYMENT_TARGET = 9.0;
				MTL_ENABLE_DEBUG_INFO = YES;
				ONLY_ACTIVE_ARCH = YES;
				SDKROOT = iphoneos;
				SWIFT_ACTIVE_COMPILATION_CONDITIONS = DEBUG;
				SWIFT_OPTIMIZATION_LEVEL = "-Onone";
			};
			name = Debug;
		};
		1308454B2005D8B100C96F1C /* Release */ = {
			isa = XCBuildConfiguration;
			buildSettings = {
				ALWAYS_SEARCH_USER_PATHS = NO;
				CLANG_ANALYZER_NONNULL = YES;
				CLANG_ANALYZER_NUMBER_OBJECT_CONVERSION = YES_AGGRESSIVE;
				CLANG_CXX_LANGUAGE_STANDARD = "gnu++14";
				CLANG_CXX_LIBRARY = "libc++";
				CLANG_ENABLE_MODULES = YES;
				CLANG_ENABLE_OBJC_ARC = YES;
				CLANG_WARN_BLOCK_CAPTURE_AUTORELEASING = YES;
				CLANG_WARN_BOOL_CONVERSION = YES;
				CLANG_WARN_COMMA = YES;
				CLANG_WARN_CONSTANT_CONVERSION = YES;
				CLANG_WARN_DIRECT_OBJC_ISA_USAGE = YES_ERROR;
				CLANG_WARN_DOCUMENTATION_COMMENTS = YES;
				CLANG_WARN_EMPTY_BODY = YES;
				CLANG_WARN_ENUM_CONVERSION = YES;
				CLANG_WARN_INFINITE_RECURSION = YES;
				CLANG_WARN_INT_CONVERSION = YES;
				CLANG_WARN_NON_LITERAL_NULL_CONVERSION = YES;
				CLANG_WARN_OBJC_LITERAL_CONVERSION = YES;
				CLANG_WARN_OBJC_ROOT_CLASS = YES_ERROR;
				CLANG_WARN_RANGE_LOOP_ANALYSIS = YES;
				CLANG_WARN_STRICT_PROTOTYPES = YES;
				CLANG_WARN_SUSPICIOUS_MOVE = YES;
				CLANG_WARN_UNGUARDED_AVAILABILITY = YES_AGGRESSIVE;
				CLANG_WARN_UNREACHABLE_CODE = YES;
				CLANG_WARN__DUPLICATE_METHOD_MATCH = YES;
				CODE_SIGN_IDENTITY = "iPhone Developer";
				COPY_PHASE_STRIP = NO;
				DEBUG_INFORMATION_FORMAT = "dwarf-with-dsym";
				ENABLE_NS_ASSERTIONS = NO;
				ENABLE_STRICT_OBJC_MSGSEND = YES;
				GCC_C_LANGUAGE_STANDARD = gnu11;
				GCC_NO_COMMON_BLOCKS = YES;
				GCC_WARN_64_TO_32_BIT_CONVERSION = YES;
				GCC_WARN_ABOUT_RETURN_TYPE = YES_ERROR;
				GCC_WARN_UNDECLARED_SELECTOR = YES;
				GCC_WARN_UNINITIALIZED_AUTOS = YES_AGGRESSIVE;
				GCC_WARN_UNUSED_FUNCTION = YES;
				GCC_WARN_UNUSED_VARIABLE = YES;
				IPHONEOS_DEPLOYMENT_TARGET = 9.0;
				MTL_ENABLE_DEBUG_INFO = NO;
				SDKROOT = iphoneos;
				SWIFT_OPTIMIZATION_LEVEL = "-Owholemodule";
				VALIDATE_PRODUCT = YES;
			};
			name = Release;
		};
		1308454D2005D8B100C96F1C /* Debug */ = {
			isa = XCBuildConfiguration;
			buildSettings = {
				ASSETCATALOG_COMPILER_APPICON_NAME = AppIcon;
				CODE_SIGN_STYLE = Automatic;
				INFOPLIST_FILE = RadioAndCheckboxButtonDemo/Info.plist;
				IPHONEOS_DEPLOYMENT_TARGET = 9.0;
				LD_RUNPATH_SEARCH_PATHS = "$(inherited) @executable_path/Frameworks";
				PRODUCT_BUNDLE_IDENTIFIER = w.RadioButtonDemo;
				PRODUCT_NAME = "$(TARGET_NAME)";
				SWIFT_VERSION = 4.0;
				TARGETED_DEVICE_FAMILY = "1,2";
			};
			name = Debug;
		};
		1308454E2005D8B100C96F1C /* Release */ = {
			isa = XCBuildConfiguration;
			buildSettings = {
				ASSETCATALOG_COMPILER_APPICON_NAME = AppIcon;
				CODE_SIGN_STYLE = Automatic;
				INFOPLIST_FILE = RadioAndCheckboxButtonDemo/Info.plist;
				IPHONEOS_DEPLOYMENT_TARGET = 9.0;
				LD_RUNPATH_SEARCH_PATHS = "$(inherited) @executable_path/Frameworks";
				PRODUCT_BUNDLE_IDENTIFIER = w.RadioButtonDemo;
				PRODUCT_NAME = "$(TARGET_NAME)";
				SWIFT_VERSION = 4.0;
				TARGETED_DEVICE_FAMILY = "1,2";
			};
			name = Release;
		};
/* End XCBuildConfiguration section */

/* Begin XCConfigurationList section */
		130845352005D8B100C96F1C /* Build configuration list for PBXProject "RadioAndCheckboxButtonDemo" */ = {
			isa = XCConfigurationList;
			buildConfigurations = (
				1308454A2005D8B100C96F1C /* Debug */,
				1308454B2005D8B100C96F1C /* Release */,
			);
			defaultConfigurationIsVisible = 0;
			defaultConfigurationName = Release;
		};
		1308454C2005D8B100C96F1C /* Build configuration list for PBXNativeTarget "RadioAndCheckboxButtonDemo" */ = {
			isa = XCConfigurationList;
			buildConfigurations = (
				1308454D2005D8B100C96F1C /* Debug */,
				1308454E2005D8B100C96F1C /* Release */,
			);
			defaultConfigurationIsVisible = 0;
			defaultConfigurationName = Release;
		};
/* End XCConfigurationList section */
	};
	rootObject = 130845322005D8B100C96F1C /* Project object */;
}
